{
    "_readme": [
        "This file locks the dependencies of your project to a known state",
        "Read more about it at https://getcomposer.org/doc/01-basic-usage.md#composer-lock-the-lock-file",
        "This file is @generated automatically"
    ],
    "hash": "d7eefd8a45a3e18db64c1e524524e992",
    "packages": [
        {
            "name": "exeu/apai-io",
            "version": "1.8.0",
            "source": {
                "type": "git",
                "url": "https://github.com/Exeu/apai-io.git",
                "reference": "a235f863f17332fd386451c762e6b7a112e558a8"
            },
            "dist": {
                "type": "zip",
                "url": "https://api.github.com/repos/Exeu/apai-io/zipball/a235f863f17332fd386451c762e6b7a112e558a8",
                "reference": "a235f863f17332fd386451c762e6b7a112e558a8",
                "shasum": ""
            },
            "require": {
                "ext-curl": "*",
                "php": ">=5.3.0"
            },
            "require-dev": {
                "phpunit/phpunit": "4.3.*"
            },
            "type": "library",
            "autoload": {
                "psr-0": {
                    "ApaiIO": "lib/"
                }
            },
            "notification-url": "https://packagist.org/downloads/",
            "license": [
                "Apache-2.0"
            ],
            "authors": [
                {
                    "name": "Jan Eichhorn",
                    "email": "exeu65@googlemail.com",
                    "role": "Maintainer"
                },
                {
                    "name": "Dejan Spasic",
                    "email": "dejan.spasic@bitweise.biz",
                    "role": "Developer"
                }
            ],
            "description": "Amazon Product Advertising PHP Library",
            "homepage": "https://github.com/Exeu/apai-io",
            "keywords": [
                "ECS",
                "Product Advertising",
                "amazon",
                "products",
                "rest",
                "soap"
            ],
            "time": "2015-01-01 18:41:21"
        }
    ],
    "packages-dev": [],
    "aliases": [],
    "minimum-stability": "stable",
    "stability-flags": [],
    "prefer-stable": false,
    "prefer-lowest": false,
    "platform": [],
    "platform-dev": []
}
